{
  "lockfileVersion": 1,
  "configVersion": 1,
  "workspaces": {
    "": {
      "dependencies": {
        "@types/pdfmake": "^0.3.1",
      },
    },
  },
  "packages": {
    "@types/node": ["@types/node@25.2.2", "", { "dependencies": { "undici-types": "~7.16.0" } }, "sha512-BkmoP5/FhRYek5izySdkOneRyXYN35I860MFAGupTdebyE66uZaR+bXLHq8k4DirE5DwQi3NuhvRU1jqTVwUrQ=="],

    "@types/pdfkit": ["@types/pdfkit@0.17.4", "", { "dependencies": { "@types/node": "*" } }, "sha512-odAmVuuguRxKh1X4pbMrJMp8ecwNqHRw6lweupvzK+wuyNmi6wzlUlGVZ9EqMvp3Bs2+L9Ty0sRlrvKL+gsQZg=="],

    "@types/pdfmake": ["@types/pdfmake@0.3.1", "", { "dependencies": { "@types/node": "*", "@types/pdfkit": "*" } }, "sha512-/pR77+t9o0yqrSNwdA2wfp79ohgaXAhF2dTwXF4hNiI2ArHxaDlJ1BlBr3SWCrPUkjWjDRRHJv2+qALG33YPTA=="],

    "undici-types": ["undici-types@7.16.0", "", {}, "sha512-Zz+aZWSj8LE6zoxD+xrjh4VfkIG8Ya6LvYkZqtUQGJPZjYl53ypCaUwWqo7eI0x66KBGeRo+mlBEkMSeSZ38Nw=="],
  }
}
